
Microsoft Visual Studio Solution File, Format Version 12.00
# Visual Studio Version 16
VisualStudioVersion = 16.0.30204.135
MinimumVisualStudioVersion = 10.0.40219.1
Project("{9A19103F-16F7-4668-BE54-9A1E7A4F7556}") = "CoffeeApp", "CoffeeApp.csproj", "{A1184B96-DAD1-4514-AFC1-3BEB17B4ED22}"
EndProject
Project("{FAE04EC0-301F-11D3-BF4B-00C04F79EFBC}") = "CoffeeApp.UnitTests", "..\CoffeeApp.UnitTests\CoffeeApp.UnitTests.csproj", "{4AA68FBC-D75E-4F31-870D-E02EE069A956}"
EndProject
Global
	GlobalSection(SolutionConfigurationPlatforms) = preSolution
		Debug|Any CPU = Debug|Any CPU
		Release|Any CPU = Release|Any CPU
	EndGlobalSection
	GlobalSection(ProjectConfigurationPlatforms) = postSolution
		{A1184B96-DAD1-4514-AFC1-3BEB17B4ED22}.Debug|Any CPU.ActiveCfg = Debug|Any CPU
		{A1184B96-DAD1-4514-AFC1-3BEB17B4ED22}.Debug|Any CPU.Build.0 = Debug|Any CPU
		{A1184B96-DAD1-4514-AFC1-3BEB17B4ED22}.Release|Any CPU.ActiveCfg = Release|Any CPU
		{A1184B96-DAD1-4514-AFC1-3BEB17B4ED22}.Release|Any CPU.Build.0 = Release|Any CPU
		{4AA68FBC-D75E-4F31-870D-E02EE069A956}.Debug|Any CPU.ActiveCfg = Debug|Any CPU
		{4AA68FBC-D75E-4F31-870D-E02EE069A956}.Debug|Any CPU.Build.0 = Debug|Any CPU
		{4AA68FBC-D75E-4F31-870D-E02EE069A956}.Release|Any CPU.ActiveCfg = Release|Any CPU
		{4AA68FBC-D75E-4F31-870D-E02EE069A956}.Release|Any CPU.Build.0 = Release|Any CPU
	EndGlobalSection
	GlobalSection(SolutionProperties) = preSolution
		HideSolutionNode = FALSE
	EndGlobalSection
	GlobalSection(ExtensibilityGlobals) = postSolution
		SolutionGuid = {43010EBA-A56D-4B0F-A055-C84A1AB053D3}
	EndGlobalSection
EndGlobal
